PODS:
  - Alamofire (3.1.5)
  - BIND (1.4.7):
    - libextobjc
    - NODE_
  - HexColors (2.2.1)
  - HockeySDK (3.8.5):
    - HockeySDK/AllFeaturesLib (= 3.8.5)
  - HockeySDK/AllFeaturesLib (3.8.5)
  - hpple (0.2.0)
  - libextobjc (0.4.1):
    - libextobjc/EXTADT (= 0.4.1)
    - libextobjc/EXTConcreteProtocol (= 0.4.1)
    - libextobjc/EXTKeyPathCoding (= 0.4.1)
    - libextobjc/EXTNil (= 0.4.1)
    - libextobjc/EXTSafeCategory (= 0.4.1)
    - libextobjc/EXTScope (= 0.4.1)
    - libextobjc/EXTSelectorChecking (= 0.4.1)
    - libextobjc/EXTSynthesize (= 0.4.1)
    - libextobjc/NSInvocation+EXT (= 0.4.1)
    - libextobjc/NSMethodSignature+EXT (= 0.4.1)
    - libextobjc/RuntimeExtensions (= 0.4.1)
    - libextobjc/UmbrellaHeader (= 0.4.1)
  - libextobjc/EXTADT (0.4.1):
    - libextobjc/RuntimeExtensions
  - libextobjc/EXTConcreteProtocol (0.4.1):
    - libextobjc/RuntimeExtensions
  - libextobjc/EXTKeyPathCoding (0.4.1):
    - libextobjc/RuntimeExtensions
  - libextobjc/EXTNil (0.4.1):
    - libextobjc/RuntimeExtensions
  - libextobjc/EXTSafeCategory (0.4.1):
    - libextobjc/RuntimeExtensions
  - libextobjc/EXTScope (0.4.1):
    - libextobjc/RuntimeExtensions
  - libextobjc/EXTSelectorChecking (0.4.1):
    - libextobjc/RuntimeExtensions
  - libextobjc/EXTSynthesize (0.4.1):
    - libextobjc/RuntimeExtensions
  - libextobjc/NSInvocation+EXT (0.4.1):
    - libextobjc/RuntimeExtensions
  - libextobjc/NSMethodSignature+EXT (0.4.1):
    - libextobjc/RuntimeExtensions
  - libextobjc/RuntimeExtensions (0.4.1)
  - libextobjc/UmbrellaHeader (0.4.1)
  - Masonry (0.6.4)
  - NODE_ (0.1.1)
  - SwiftyJSON (2.3.2)
  - TSMessages (0.9.12):
    - HexColors (~> 2.2.0)
  - TTTAttributedLabel (1.13.4)

DEPENDENCIES:
  - Alamofire (~> 3.0)
  - BIND
  - HockeySDK
  - hpple
  - Masonry
  - SwiftyJSON
  - TSMessages
  - TTTAttributedLabel

SPEC CHECKSUMS:
  Alamofire: 5f730ba29fd113b7ddd71c1e65d0c630acf5d7b0
  BIND: 7bd263ab59374ac3217c5eff4b74c97ddc6fb999
  HexColors: abfd172e329dab59888614ccba6f216cec59289d
  HockeySDK: dd11a2b9da3372fd025643bee5bc10c8c613d169
  hpple: 3b765f96fc2cd56ad1a49aef6f7be5cb2aa64b57
  libextobjc: a650fc1bf489a3d3a9bc2e621efa3e1006fc5471
  Masonry: 281802d04d787ea2973179ee8bcb50500579ede2
  NODE_: 4595c1cfadbf1f1d06566c32c1c7deb387a0822f
  SwiftyJSON: 04ccea08915aa0109039157c7974cf0298da292a
  TSMessages: c8cc7b80f2a833af533872cd02010cac061532cc
  TTTAttributedLabel: 0a2ac7b2dd726d32a070dafb01446026b11e624f

COCOAPODS: 0.39.0
