// !$*UTF8*$!
{
	archiveVersion = 1;
	classes = {
	};
	objectVersion = 46;
	objects = {

/* Begin PBXBuildFile section */
		2E5A5446163E9219CCEDAA9C /* Pods_Spreadit.framework in Frameworks */ = {isa = PBXBuildFile; fileRef = 6A1A4C75F6DF3A85A80D7C7C /* Pods_Spreadit.framework */; };
		653B60EE78D3C6266EA0DA6A /* Pods_FontanaKeyboard.framework in Frameworks */ = {isa = PBXBuildFile; fileRef = 55777BE96EFFA84658971C8E /* Pods_FontanaKeyboard.framework */; };
		965310F21C134F0B005CB906 /* FNTGoogleSearchQuery.m in Sources */ = {isa = PBXBuildFile; fileRef = 965310F11C134F0B005CB906 /* FNTGoogleSearchQuery.m */; };
		965310F81C1354E2005CB906 /* FNTContextParser.m in Sources */ = {isa = PBXBuildFile; fileRef = 965310F71C1354E2005CB906 /* FNTContextParser.m */; };
		965310FB1C1355B8005CB906 /* FNTContextParserTest.m in Sources */ = {isa = PBXBuildFile; fileRef = 965310FA1C1355B8005CB906 /* FNTContextParserTest.m */; };
		965310FC1C1355CA005CB906 /* FNTContextParser.m in Sources */ = {isa = PBXBuildFile; fileRef = 965310F71C1354E2005CB906 /* FNTContextParser.m */; };
		965311001C1368C9005CB906 /* FNTKeyboardViewModelTest.m in Sources */ = {isa = PBXBuildFile; fileRef = 965310FF1C1368C9005CB906 /* FNTKeyboardViewModelTest.m */; };
		965311011C1368D7005CB906 /* FNTKeyboardViewModel.m in Sources */ = {isa = PBXBuildFile; fileRef = 96C4468D1C0E279600051149 /* FNTKeyboardViewModel.m */; };
		965311021C1368DB005CB906 /* FNTKeyboardItemCellModel.m in Sources */ = {isa = PBXBuildFile; fileRef = 96C446951C0EBA4700051149 /* FNTKeyboardItemCellModel.m */; };
		965311031C1368E6005CB906 /* FNTItem.m in Sources */ = {isa = PBXBuildFile; fileRef = 96DB7FEC1C0E12110073C330 /* FNTItem.m */; };
		965311051C13699D005CB906 /* FNTGoogleSearchQuery.m in Sources */ = {isa = PBXBuildFile; fileRef = 965310F11C134F0B005CB906 /* FNTGoogleSearchQuery.m */; };
		966D57AE1C22D5EC00F14B5F /* FNTUsageTutorialView.m in Sources */ = {isa = PBXBuildFile; fileRef = 966D57AD1C22D5EC00F14B5F /* FNTUsageTutorialView.m */; };
		966D57B21C2400EF00F14B5F /* FNTSourceToColorTransformer.m in Sources */ = {isa = PBXBuildFile; fileRef = 966D57B11C2400EF00F14B5F /* FNTSourceToColorTransformer.m */; };
		96A14FAC1BE1DB5C00CC7D4B /* ItunesPlainTextToSpotifyURLTransformer.swift in Sources */ = {isa = PBXBuildFile; fileRef = 96A14FAB1BE1DB5C00CC7D4B /* ItunesPlainTextToSpotifyURLTransformer.swift */; };
		96A14FAE1BE1DCD000CC7D4B /* ShareTransformer.swift in Sources */ = {isa = PBXBuildFile; fileRef = 96A14FAD1BE1DCD000CC7D4B /* ShareTransformer.swift */; };
		96B1C48D1BE159CA00114C26 /* AppDelegate.swift in Sources */ = {isa = PBXBuildFile; fileRef = 96B1C48C1BE159CA00114C26 /* AppDelegate.swift */; };
		96B1C48F1BE159CA00114C26 /* ViewController.swift in Sources */ = {isa = PBXBuildFile; fileRef = 96B1C48E1BE159CA00114C26 /* ViewController.swift */; };
		96B1C4921BE159CA00114C26 /* Main.storyboard in Resources */ = {isa = PBXBuildFile; fileRef = 96B1C4901BE159CA00114C26 /* Main.storyboard */; };
		96B1C4941BE159CA00114C26 /* Assets.xcassets in Resources */ = {isa = PBXBuildFile; fileRef = 96B1C4931BE159CA00114C26 /* Assets.xcassets */; };
		96B1C4971BE159CA00114C26 /* LaunchScreen.storyboard in Resources */ = {isa = PBXBuildFile; fileRef = 96B1C4951BE159CA00114C26 /* LaunchScreen.storyboard */; };
		96B1C4AD1BE159CA00114C26 /* SpreaditUITests.swift in Sources */ = {isa = PBXBuildFile; fileRef = 96B1C4AC1BE159CA00114C26 /* SpreaditUITests.swift */; };
		96B1C4D41BE167F700114C26 /* ShareViewController.swift in Sources */ = {isa = PBXBuildFile; fileRef = 96B1C4D31BE167F700114C26 /* ShareViewController.swift */; };
		96C4468B1C0E186F00051149 /* NSObject+FNTTextDocumentProxyAdditions.m in Sources */ = {isa = PBXBuildFile; fileRef = 96C4468A1C0E186F00051149 /* NSObject+FNTTextDocumentProxyAdditions.m */; };
		96C4468E1C0E279600051149 /* FNTKeyboardViewModel.m in Sources */ = {isa = PBXBuildFile; fileRef = 96C4468D1C0E279600051149 /* FNTKeyboardViewModel.m */; };
		96C446911C0EB63C00051149 /* FNTKeyboardItemCell.m in Sources */ = {isa = PBXBuildFile; fileRef = 96C446901C0EB63C00051149 /* FNTKeyboardItemCell.m */; };
		96C446931C0EB66E00051149 /* FNTKeyboardItemCell.xib in Resources */ = {isa = PBXBuildFile; fileRef = 96C446921C0EB66E00051149 /* FNTKeyboardItemCell.xib */; };
		96C446961C0EBA4700051149 /* FNTKeyboardItemCellModel.m in Sources */ = {isa = PBXBuildFile; fileRef = 96C446951C0EBA4700051149 /* FNTKeyboardItemCellModel.m */; };
		96C446991C1335F100051149 /* tux.jpg in Resources */ = {isa = PBXBuildFile; fileRef = 96C446981C1335F100051149 /* tux.jpg */; };
		96DB7FED1C0E12110073C330 /* FNTItem.m in Sources */ = {isa = PBXBuildFile; fileRef = 96DB7FEC1C0E12110073C330 /* FNTItem.m */; };
		96F99F661C0AEEA7005D6364 /* FNTKeyboardViewController.m in Sources */ = {isa = PBXBuildFile; fileRef = 96F99F651C0AEEA7005D6364 /* FNTKeyboardViewController.m */; };
		96F99F6A1C0AEEA7005D6364 /* FontanaKeyboard.appex in Embed App Extensions */ = {isa = PBXBuildFile; fileRef = 96F99F621C0AEEA7005D6364 /* FontanaKeyboard.appex */; settings = {ATTRIBUTES = (RemoveHeadersOnCopy, ); }; };
		F31164EB3D3790390B40555D /* Pods_SpreaditSharer.framework in Frameworks */ = {isa = PBXBuildFile; fileRef = 491C79EF6D14ECFED4BA4B2B /* Pods_SpreaditSharer.framework */; };
/* End PBXBuildFile section */

/* Begin PBXContainerItemProxy section */
		96B1C49E1BE159CA00114C26 /* PBXContainerItemProxy */ = {
			isa = PBXContainerItemProxy;
			containerPortal = 96B1C4811BE159CA00114C26 /* Project object */;
			proxyType = 1;
			remoteGlobalIDString = 96B1C4881BE159CA00114C26;
			remoteInfo = Spreadit;
		};
		96B1C4A91BE159CA00114C26 /* PBXContainerItemProxy */ = {
			isa = PBXContainerItemProxy;
			containerPortal = 96B1C4811BE159CA00114C26 /* Project object */;
			proxyType = 1;
			remoteGlobalIDString = 96B1C4881BE159CA00114C26;
			remoteInfo = Spreadit;
		};
		96F99F681C0AEEA7005D6364 /* PBXContainerItemProxy */ = {
			isa = PBXContainerItemProxy;
			containerPortal = 96B1C4811BE159CA00114C26 /* Project object */;
			proxyType = 1;
			remoteGlobalIDString = 96F99F611C0AEEA7005D6364;
			remoteInfo = FontanaKeyboard;
		};
/* End PBXContainerItemProxy section */

/* Begin PBXCopyFilesBuildPhase section */
		96B1C4CC1BE15A5800114C26 /* Embed App Extensions */ = {
			isa = PBXCopyFilesBuildPhase;
			buildActionMask = 2147483647;
			dstPath = "";
			dstSubfolderSpec = 13;
			files = (
				96F99F6A1C0AEEA7005D6364 /* FontanaKeyboard.appex in Embed App Extensions */,
			);
			name = "Embed App Extensions";
			runOnlyForDeploymentPostprocessing = 0;
		};
/* End PBXCopyFilesBuildPhase section */

/* Begin PBXFileReference section */
		491C79EF6D14ECFED4BA4B2B /* Pods_SpreaditSharer.framework */ = {isa = PBXFileReference; explicitFileType = wrapper.framework; includeInIndex = 0; path = Pods_SpreaditSharer.framework; sourceTree = BUILT_PRODUCTS_DIR; };
		55777BE96EFFA84658971C8E /* Pods_FontanaKeyboard.framework */ = {isa = PBXFileReference; explicitFileType = wrapper.framework; includeInIndex = 0; path = Pods_FontanaKeyboard.framework; sourceTree = BUILT_PRODUCTS_DIR; };
		6A1A4C75F6DF3A85A80D7C7C /* Pods_Spreadit.framework */ = {isa = PBXFileReference; explicitFileType = wrapper.framework; includeInIndex = 0; path = Pods_Spreadit.framework; sourceTree = BUILT_PRODUCTS_DIR; };
		758CFD34E942B974044F8E45 /* Pods-FontanaKeyboard.debug.xcconfig */ = {isa = PBXFileReference; includeInIndex = 1; lastKnownFileType = text.xcconfig; name = "Pods-FontanaKeyboard.debug.xcconfig"; path = "Pods/Target Support Files/Pods-FontanaKeyboard/Pods-FontanaKeyboard.debug.xcconfig"; sourceTree = "<group>"; };
		789AA992A8BF19109D938472 /* Pods-Spreadit.release.xcconfig */ = {isa = PBXFileReference; includeInIndex = 1; lastKnownFileType = text.xcconfig; name = "Pods-Spreadit.release.xcconfig"; path = "Pods/Target Support Files/Pods-Spreadit/Pods-Spreadit.release.xcconfig"; sourceTree = "<group>"; };
		7D230677FF9C01214B2A0356 /* Pods-Spreadit.debug.xcconfig */ = {isa = PBXFileReference; includeInIndex = 1; lastKnownFileType = text.xcconfig; name = "Pods-Spreadit.debug.xcconfig"; path = "Pods/Target Support Files/Pods-Spreadit/Pods-Spreadit.debug.xcconfig"; sourceTree = "<group>"; };
		965310F01C134F0B005CB906 /* FNTGoogleSearchQuery.h */ = {isa = PBXFileReference; fileEncoding = 4; lastKnownFileType = sourcecode.c.h; name = FNTGoogleSearchQuery.h; path = Controller/FNTGoogleSearchQuery.h; sourceTree = "<group>"; };
		965310F11C134F0B005CB906 /* FNTGoogleSearchQuery.m */ = {isa = PBXFileReference; fileEncoding = 4; lastKnownFileType = sourcecode.c.objc; name = FNTGoogleSearchQuery.m; path = Controller/FNTGoogleSearchQuery.m; sourceTree = "<group>"; };
		965310F61C1354E2005CB906 /* FNTContextParser.h */ = {isa = PBXFileReference; fileEncoding = 4; lastKnownFileType = sourcecode.c.h; name = FNTContextParser.h; path = Controller/FNTContextParser.h; sourceTree = "<group>"; };
		965310F71C1354E2005CB906 /* FNTContextParser.m */ = {isa = PBXFileReference; fileEncoding = 4; lastKnownFileType = sourcecode.c.objc; name = FNTContextParser.m; path = Controller/FNTContextParser.m; sourceTree = "<group>"; };
		965310F91C1355B8005CB906 /* SpreaditTests-Bridging-Header.h */ = {isa = PBXFileReference; lastKnownFileType = sourcecode.c.h; path = "SpreaditTests-Bridging-Header.h"; sourceTree = "<group>"; };
		965310FA1C1355B8005CB906 /* FNTContextParserTest.m */ = {isa = PBXFileReference; fileEncoding = 4; lastKnownFileType = sourcecode.c.objc; path = FNTContextParserTest.m; sourceTree = "<group>"; };
		965310FF1C1368C9005CB906 /* FNTKeyboardViewModelTest.m */ = {isa = PBXFileReference; fileEncoding = 4; lastKnownFileType = sourcecode.c.objc; name = FNTKeyboardViewModelTest.m; path = ViewModel/FNTKeyboardViewModelTest.m; sourceTree = "<group>"; };
		966D57AC1C22D5EC00F14B5F /* FNTUsageTutorialView.h */ = {isa = PBXFileReference; fileEncoding = 4; lastKnownFileType = sourcecode.c.h; name = FNTUsageTutorialView.h; path = View/FNTUsageTutorialView.h; sourceTree = "<group>"; };
		966D57AD1C22D5EC00F14B5F /* FNTUsageTutorialView.m */ = {isa = PBXFileReference; fileEncoding = 4; lastKnownFileType = sourcecode.c.objc; name = FNTUsageTutorialView.m; path = View/FNTUsageTutorialView.m; sourceTree = "<group>"; };
		966D57B01C2400EF00F14B5F /* FNTSourceToColorTransformer.h */ = {isa = PBXFileReference; fileEncoding = 4; lastKnownFileType = sourcecode.c.h; name = FNTSourceToColorTransformer.h; path = Transformers/FNTSourceToColorTransformer.h; sourceTree = "<group>"; };
		966D57B11C2400EF00F14B5F /* FNTSourceToColorTransformer.m */ = {isa = PBXFileReference; fileEncoding = 4; lastKnownFileType = sourcecode.c.objc; name = FNTSourceToColorTransformer.m; path = Transformers/FNTSourceToColorTransformer.m; sourceTree = "<group>"; };
		96A14FAB1BE1DB5C00CC7D4B /* ItunesPlainTextToSpotifyURLTransformer.swift */ = {isa = PBXFileReference; fileEncoding = 4; lastKnownFileType = sourcecode.swift; name = ItunesPlainTextToSpotifyURLTransformer.swift; path = Classes/ItunesPlainTextToSpotifyURLTransformer.swift; sourceTree = "<group>"; };
		96A14FAD1BE1DCD000CC7D4B /* ShareTransformer.swift */ = {isa = PBXFileReference; fileEncoding = 4; lastKnownFileType = sourcecode.swift; name = ShareTransformer.swift; path = Classes/ShareTransformer.swift; sourceTree = "<group>"; };
		96B1C4891BE159CA00114C26 /* Spreadit.app */ = {isa = PBXFileReference; explicitFileType = wrapper.application; includeInIndex = 0; path = Spreadit.app; sourceTree = BUILT_PRODUCTS_DIR; };
		96B1C48C1BE159CA00114C26 /* AppDelegate.swift */ = {isa = PBXFileReference; lastKnownFileType = sourcecode.swift; path = AppDelegate.swift; sourceTree = "<group>"; };
		96B1C48E1BE159CA00114C26 /* ViewController.swift */ = {isa = PBXFileReference; lastKnownFileType = sourcecode.swift; path = ViewController.swift; sourceTree = "<group>"; };
		96B1C4911BE159CA00114C26 /* Base */ = {isa = PBXFileReference; lastKnownFileType = file.storyboard; name = Base; path = Base.lproj/Main.storyboard; sourceTree = "<group>"; };
		96B1C4931BE159CA00114C26 /* Assets.xcassets */ = {isa = PBXFileReference; lastKnownFileType = folder.assetcatalog; path = Assets.xcassets; sourceTree = "<group>"; };
		96B1C4961BE159CA00114C26 /* Base */ = {isa = PBXFileReference; lastKnownFileType = file.storyboard; name = Base; path = Base.lproj/LaunchScreen.storyboard; sourceTree = "<group>"; };
		96B1C4981BE159CA00114C26 /* Info.plist */ = {isa = PBXFileReference; lastKnownFileType = text.plist.xml; path = Info.plist; sourceTree = "<group>"; };
		96B1C49D1BE159CA00114C26 /* SpreaditTests.xctest */ = {isa = PBXFileReference; explicitFileType = wrapper.cfbundle; includeInIndex = 0; path = SpreaditTests.xctest; sourceTree = BUILT_PRODUCTS_DIR; };
		96B1C4A31BE159CA00114C26 /* Info.plist */ = {isa = PBXFileReference; lastKnownFileType = text.plist.xml; path = Info.plist; sourceTree = "<group>"; };
		96B1C4A81BE159CA00114C26 /* SpreaditUITests.xctest */ = {isa = PBXFileReference; explicitFileType = wrapper.cfbundle; includeInIndex = 0; path = SpreaditUITests.xctest; sourceTree = BUILT_PRODUCTS_DIR; };
		96B1C4AC1BE159CA00114C26 /* SpreaditUITests.swift */ = {isa = PBXFileReference; lastKnownFileType = sourcecode.swift; path = SpreaditUITests.swift; sourceTree = "<group>"; };
		96B1C4AE1BE159CA00114C26 /* Info.plist */ = {isa = PBXFileReference; lastKnownFileType = text.plist.xml; path = Info.plist; sourceTree = "<group>"; };
		96B1C4D11BE167F700114C26 /* SpreaditSharer.appex */ = {isa = PBXFileReference; explicitFileType = "wrapper.app-extension"; includeInIndex = 0; path = SpreaditSharer.appex; sourceTree = BUILT_PRODUCTS_DIR; };
		96B1C4D31BE167F700114C26 /* ShareViewController.swift */ = {isa = PBXFileReference; lastKnownFileType = sourcecode.swift; path = ShareViewController.swift; sourceTree = "<group>"; };
		96B1C4D81BE167F700114C26 /* Info.plist */ = {isa = PBXFileReference; lastKnownFileType = text.plist.xml; path = Info.plist; sourceTree = "<group>"; };
		96C446891C0E186F00051149 /* NSObject+FNTTextDocumentProxyAdditions.h */ = {isa = PBXFileReference; fileEncoding = 4; lastKnownFileType = sourcecode.c.h; name = "NSObject+FNTTextDocumentProxyAdditions.h"; path = "Categories/NSObject+FNTTextDocumentProxyAdditions.h"; sourceTree = "<group>"; };
		96C4468A1C0E186F00051149 /* NSObject+FNTTextDocumentProxyAdditions.m */ = {isa = PBXFileReference; fileEncoding = 4; lastKnownFileType = sourcecode.c.objc; name = "NSObject+FNTTextDocumentProxyAdditions.m"; path = "Categories/NSObject+FNTTextDocumentProxyAdditions.m"; sourceTree = "<group>"; };
		96C4468C1C0E279600051149 /* FNTKeyboardViewModel.h */ = {isa = PBXFileReference; fileEncoding = 4; lastKnownFileType = sourcecode.c.h; name = FNTKeyboardViewModel.h; path = ViewModel/FNTKeyboardViewModel.h; sourceTree = "<group>"; };
		96C4468D1C0E279600051149 /* FNTKeyboardViewModel.m */ = {isa = PBXFileReference; fileEncoding = 4; lastKnownFileType = sourcecode.c.objc; name = FNTKeyboardViewModel.m; path = ViewModel/FNTKeyboardViewModel.m; sourceTree = "<group>"; };
		96C4468F1C0EB63C00051149 /* FNTKeyboardItemCell.h */ = {isa = PBXFileReference; fileEncoding = 4; lastKnownFileType = sourcecode.c.h; name = FNTKeyboardItemCell.h; path = View/FNTKeyboardItemCell.h; sourceTree = "<group>"; };
		96C446901C0EB63C00051149 /* FNTKeyboardItemCell.m */ = {isa = PBXFileReference; fileEncoding = 4; lastKnownFileType = sourcecode.c.objc; name = FNTKeyboardItemCell.m; path = View/FNTKeyboardItemCell.m; sourceTree = "<group>"; };
		96C446921C0EB66E00051149 /* FNTKeyboardItemCell.xib */ = {isa = PBXFileReference; fileEncoding = 4; lastKnownFileType = file.xib; name = FNTKeyboardItemCell.xib; path = View/FNTKeyboardItemCell.xib; sourceTree = "<group>"; };
		96C446941C0EBA4700051149 /* FNTKeyboardItemCellModel.h */ = {isa = PBXFileReference; fileEncoding = 4; lastKnownFileType = sourcecode.c.h; name = FNTKeyboardItemCellModel.h; path = ViewModel/FNTKeyboardItemCellModel.h; sourceTree = "<group>"; };
		96C446951C0EBA4700051149 /* FNTKeyboardItemCellModel.m */ = {isa = PBXFileReference; fileEncoding = 4; lastKnownFileType = sourcecode.c.objc; name = FNTKeyboardItemCellModel.m; path = ViewModel/FNTKeyboardItemCellModel.m; sourceTree = "<group>"; };
		96C446981C1335F100051149 /* tux.jpg */ = {isa = PBXFileReference; lastKnownFileType = image.jpeg; name = tux.jpg; path = Test/tux.jpg; sourceTree = "<group>"; };
		96DB7FEB1C0E12110073C330 /* FNTItem.h */ = {isa = PBXFileReference; fileEncoding = 4; lastKnownFileType = sourcecode.c.h; path = FNTItem.h; sourceTree = "<group>"; };
		96DB7FEC1C0E12110073C330 /* FNTItem.m */ = {isa = PBXFileReference; fileEncoding = 4; lastKnownFileType = sourcecode.c.objc; path = FNTItem.m; sourceTree = "<group>"; };
		96F99F621C0AEEA7005D6364 /* FontanaKeyboard.appex */ = {isa = PBXFileReference; explicitFileType = "wrapper.app-extension"; includeInIndex = 0; path = FontanaKeyboard.appex; sourceTree = BUILT_PRODUCTS_DIR; };
		96F99F641C0AEEA7005D6364 /* FNTKeyboardViewController.h */ = {isa = PBXFileReference; lastKnownFileType = sourcecode.c.h; path = FNTKeyboardViewController.h; sourceTree = "<group>"; };
		96F99F651C0AEEA7005D6364 /* FNTKeyboardViewController.m */ = {isa = PBXFileReference; lastKnownFileType = sourcecode.c.objc; path = FNTKeyboardViewController.m; sourceTree = "<group>"; };
		96F99F671C0AEEA7005D6364 /* Info.plist */ = {isa = PBXFileReference; lastKnownFileType = text.plist.xml; path = Info.plist; sourceTree = "<group>"; };
		9CE4CDCCC38AEEE6031D9BD1 /* Pods-FontanaKeyboard.release.xcconfig */ = {isa = PBXFileReference; includeInIndex = 1; lastKnownFileType = text.xcconfig; name = "Pods-FontanaKeyboard.release.xcconfig"; path = "Pods/Target Support Files/Pods-FontanaKeyboard/Pods-FontanaKeyboard.release.xcconfig"; sourceTree = "<group>"; };
		B1B73734EC6C32099E60AF3E /* Pods-SpreaditSharer.debug.xcconfig */ = {isa = PBXFileReference; includeInIndex = 1; lastKnownFileType = text.xcconfig; name = "Pods-SpreaditSharer.debug.xcconfig"; path = "Pods/Target Support Files/Pods-SpreaditSharer/Pods-SpreaditSharer.debug.xcconfig"; sourceTree = "<group>"; };
		C8907E947238AC39CE362288 /* Pods-SpreaditSharer.release.xcconfig */ = {isa = PBXFileReference; includeInIndex = 1; lastKnownFileType = text.xcconfig; name = "Pods-SpreaditSharer.release.xcconfig"; path = "Pods/Target Support Files/Pods-SpreaditSharer/Pods-SpreaditSharer.release.xcconfig"; sourceTree = "<group>"; };
/* End PBXFileReference section */

/* Begin PBXFrameworksBuildPhase section */
		96B1C4861BE159CA00114C26 /* Frameworks */ = {
			isa = PBXFrameworksBuildPhase;
			buildActionMask = 2147483647;
			files = (
				2E5A5446163E9219CCEDAA9C /* Pods_Spreadit.framework in Frameworks */,
			);
			runOnlyForDeploymentPostprocessing = 0;
		};
		96B1C49A1BE159CA00114C26 /* Frameworks */ = {
			isa = PBXFrameworksBuildPhase;
			buildActionMask = 2147483647;
			files = (
			);
			runOnlyForDeploymentPostprocessing = 0;
		};
		96B1C4A51BE159CA00114C26 /* Frameworks */ = {
			isa = PBXFrameworksBuildPhase;
			buildActionMask = 2147483647;
			files = (
			);
			runOnlyForDeploymentPostprocessing = 0;
		};
		96B1C4CE1BE167F700114C26 /* Frameworks */ = {
			isa = PBXFrameworksBuildPhase;
			buildActionMask = 2147483647;
			files = (
				F31164EB3D3790390B40555D /* Pods_SpreaditSharer.framework in Frameworks */,
			);
			runOnlyForDeploymentPostprocessing = 0;
		};
		96F99F5F1C0AEEA7005D6364 /* Frameworks */ = {
			isa = PBXFrameworksBuildPhase;
			buildActionMask = 2147483647;
			files = (
				653B60EE78D3C6266EA0DA6A /* Pods_FontanaKeyboard.framework in Frameworks */,
			);
			runOnlyForDeploymentPostprocessing = 0;
		};
/* End PBXFrameworksBuildPhase section */

/* Begin PBXGroup section */
		2BC1D3DCC996C4D70B52C7E9 /* Frameworks */ = {
			isa = PBXGroup;
			children = (
				6A1A4C75F6DF3A85A80D7C7C /* Pods_Spreadit.framework */,
				491C79EF6D14ECFED4BA4B2B /* Pods_SpreaditSharer.framework */,
				55777BE96EFFA84658971C8E /* Pods_FontanaKeyboard.framework */,
			);
			name = Frameworks;
			sourceTree = "<group>";
		};
		965310EF1C134EE0005CB906 /* Controllers */ = {
			isa = PBXGroup;
			children = (
				965310F61C1354E2005CB906 /* FNTContextParser.h */,
				965310F71C1354E2005CB906 /* FNTContextParser.m */,
				965310F01C134F0B005CB906 /* FNTGoogleSearchQuery.h */,
				965310F11C134F0B005CB906 /* FNTGoogleSearchQuery.m */,
			);
			name = Controllers;
			sourceTree = "<group>";
		};
		965310FD1C1355D2005CB906 /* Controllers */ = {
			isa = PBXGroup;
			children = (
				965310FA1C1355B8005CB906 /* FNTContextParserTest.m */,
			);
			name = Controllers;
			sourceTree = "<group>";
		};
		965310FE1C136898005CB906 /* ViewModel */ = {
			isa = PBXGroup;
			children = (
				965310FF1C1368C9005CB906 /* FNTKeyboardViewModelTest.m */,
			);
			name = ViewModel;
			sourceTree = "<group>";
		};
		966D57AF1C2400A200F14B5F /* Transformers */ = {
			isa = PBXGroup;
			children = (
				966D57B01C2400EF00F14B5F /* FNTSourceToColorTransformer.h */,
				966D57B11C2400EF00F14B5F /* FNTSourceToColorTransformer.m */,
			);
			name = Transformers;
			sourceTree = "<group>";
		};
		96A14FAA1BE1DAEB00CC7D4B /* Classes */ = {
			isa = PBXGroup;
			children = (
				96A14FAD1BE1DCD000CC7D4B /* ShareTransformer.swift */,
				96A14FAB1BE1DB5C00CC7D4B /* ItunesPlainTextToSpotifyURLTransformer.swift */,
			);
			name = Classes;
			sourceTree = "<group>";
		};
		96B1C4801BE159CA00114C26 = {
			isa = PBXGroup;
			children = (
				96B1C48B1BE159CA00114C26 /* Spreadit */,
				96B1C4A01BE159CA00114C26 /* SpreaditTests */,
				96B1C4AB1BE159CA00114C26 /* SpreaditUITests */,
				96B1C4D21BE167F700114C26 /* SpreaditSharer */,
				96F99F631C0AEEA7005D6364 /* FontanaKeyboard */,
				96B1C48A1BE159CA00114C26 /* Products */,
				AB2F2C5FE29A9E102F7904C1 /* Pods */,
				2BC1D3DCC996C4D70B52C7E9 /* Frameworks */,
			);
			sourceTree = "<group>";
		};
		96B1C48A1BE159CA00114C26 /* Products */ = {
			isa = PBXGroup;
			children = (
				96B1C4891BE159CA00114C26 /* Spreadit.app */,
				96B1C49D1BE159CA00114C26 /* SpreaditTests.xctest */,
				96B1C4A81BE159CA00114C26 /* SpreaditUITests.xctest */,
				96B1C4D11BE167F700114C26 /* SpreaditSharer.appex */,
				96F99F621C0AEEA7005D6364 /* FontanaKeyboard.appex */,
			);
			name = Products;
			sourceTree = "<group>";
		};
		96B1C48B1BE159CA00114C26 /* Spreadit */ = {
			isa = PBXGroup;
			children = (
				96B1C48C1BE159CA00114C26 /* AppDelegate.swift */,
				96B1C48E1BE159CA00114C26 /* ViewController.swift */,
				96B1C4901BE159CA00114C26 /* Main.storyboard */,
				96B1C4931BE159CA00114C26 /* Assets.xcassets */,
				96B1C4951BE159CA00114C26 /* LaunchScreen.storyboard */,
				96B1C4981BE159CA00114C26 /* Info.plist */,
			);
			path = Spreadit;
			sourceTree = "<group>";
		};
		96B1C4A01BE159CA00114C26 /* SpreaditTests */ = {
			isa = PBXGroup;
			children = (
				965310FE1C136898005CB906 /* ViewModel */,
				965310FD1C1355D2005CB906 /* Controllers */,
				96B1C4A31BE159CA00114C26 /* Info.plist */,
				965310F91C1355B8005CB906 /* SpreaditTests-Bridging-Header.h */,
			);
			path = SpreaditTests;
			sourceTree = "<group>";
		};
		96B1C4AB1BE159CA00114C26 /* SpreaditUITests */ = {
			isa = PBXGroup;
			children = (
				96B1C4AC1BE159CA00114C26 /* SpreaditUITests.swift */,
				96B1C4AE1BE159CA00114C26 /* Info.plist */,
			);
			path = SpreaditUITests;
			sourceTree = "<group>";
		};
		96B1C4D21BE167F700114C26 /* SpreaditSharer */ = {
			isa = PBXGroup;
			children = (
				96A14FAA1BE1DAEB00CC7D4B /* Classes */,
				96B1C4D31BE167F700114C26 /* ShareViewController.swift */,
				96B1C4D81BE167F700114C26 /* Info.plist */,
			);
			path = SpreaditSharer;
			sourceTree = "<group>";
		};
		96C446881C0E182B00051149 /* Categories */ = {
			isa = PBXGroup;
			children = (
				96C446891C0E186F00051149 /* NSObject+FNTTextDocumentProxyAdditions.h */,
				96C4468A1C0E186F00051149 /* NSObject+FNTTextDocumentProxyAdditions.m */,
			);
			name = Categories;
			sourceTree = "<group>";
		};
		96C446971C1335C800051149 /* Test */ = {
			isa = PBXGroup;
			children = (
				96C446981C1335F100051149 /* tux.jpg */,
			);
			name = Test;
			sourceTree = "<group>";
		};
		96DB7FE81C0E11DC0073C330 /* Model */ = {
			isa = PBXGroup;
			children = (
				96DB7FEB1C0E12110073C330 /* FNTItem.h */,
				96DB7FEC1C0E12110073C330 /* FNTItem.m */,
			);
			name = Model;
			sourceTree = "<group>";
		};
		96DB7FE91C0E11E40073C330 /* View */ = {
			isa = PBXGroup;
			children = (
				96F99F641C0AEEA7005D6364 /* FNTKeyboardViewController.h */,
				96F99F651C0AEEA7005D6364 /* FNTKeyboardViewController.m */,
				96C4468F1C0EB63C00051149 /* FNTKeyboardItemCell.h */,
				96C446901C0EB63C00051149 /* FNTKeyboardItemCell.m */,
				96C446921C0EB66E00051149 /* FNTKeyboardItemCell.xib */,
				966D57AC1C22D5EC00F14B5F /* FNTUsageTutorialView.h */,
				966D57AD1C22D5EC00F14B5F /* FNTUsageTutorialView.m */,
			);
			name = View;
			sourceTree = "<group>";
		};
		96DB7FEA1C0E11EB0073C330 /* ViewModel */ = {
			isa = PBXGroup;
			children = (
				96C4468C1C0E279600051149 /* FNTKeyboardViewModel.h */,
				96C4468D1C0E279600051149 /* FNTKeyboardViewModel.m */,
				96C446941C0EBA4700051149 /* FNTKeyboardItemCellModel.h */,
				96C446951C0EBA4700051149 /* FNTKeyboardItemCellModel.m */,
			);
			name = ViewModel;
			sourceTree = "<group>";
		};
		96F99F631C0AEEA7005D6364 /* FontanaKeyboard */ = {
			isa = PBXGroup;
			children = (
				96C446971C1335C800051149 /* Test */,
				965310EF1C134EE0005CB906 /* Controllers */,
				96C446881C0E182B00051149 /* Categories */,
				96DB7FEA1C0E11EB0073C330 /* ViewModel */,
				96DB7FE91C0E11E40073C330 /* View */,
				96DB7FE81C0E11DC0073C330 /* Model */,
				966D57AF1C2400A200F14B5F /* Transformers */,
				96F99F671C0AEEA7005D6364 /* Info.plist */,
			);
			path = FontanaKeyboard;
			sourceTree = "<group>";
		};
		AB2F2C5FE29A9E102F7904C1 /* Pods */ = {
			isa = PBXGroup;
			children = (
				7D230677FF9C01214B2A0356 /* Pods-Spreadit.debug.xcconfig */,
				789AA992A8BF19109D938472 /* Pods-Spreadit.release.xcconfig */,
				B1B73734EC6C32099E60AF3E /* Pods-SpreaditSharer.debug.xcconfig */,
				C8907E947238AC39CE362288 /* Pods-SpreaditSharer.release.xcconfig */,
				758CFD34E942B974044F8E45 /* Pods-FontanaKeyboard.debug.xcconfig */,
				9CE4CDCCC38AEEE6031D9BD1 /* Pods-FontanaKeyboard.release.xcconfig */,
			);
			name = Pods;
			sourceTree = "<group>";
		};
/* End PBXGroup section */

/* Begin PBXNativeTarget section */
		96B1C4881BE159CA00114C26 /* Spreadit */ = {
			isa = PBXNativeTarget;
			buildConfigurationList = 96B1C4B11BE159CA00114C26 /* Build configuration list for PBXNativeTarget "Spreadit" */;
			buildPhases = (
				DF6ADAAE1D02668BDAC99E0A /* Check Pods Manifest.lock */,
				96B1C4851BE159CA00114C26 /* Sources */,
				96B1C4861BE159CA00114C26 /* Frameworks */,
				96B1C4871BE159CA00114C26 /* Resources */,
				96B1C4CC1BE15A5800114C26 /* Embed App Extensions */,
				9CB9C535D9A4F5CFB1C0D1C1 /* Embed Pods Frameworks */,
				7813646D7088E9D6FD96F025 /* Copy Pods Resources */,
			);
			buildRules = (
			);
			dependencies = (
				96F99F691C0AEEA7005D6364 /* PBXTargetDependency */,
			);
			name = Spreadit;
			productName = Spreadit;
			productReference = 96B1C4891BE159CA00114C26 /* Spreadit.app */;
			productType = "com.apple.product-type.application";
		};
		96B1C49C1BE159CA00114C26 /* SpreaditTests */ = {
			isa = PBXNativeTarget;
			buildConfigurationList = 96B1C4B41BE159CA00114C26 /* Build configuration list for PBXNativeTarget "SpreaditTests" */;
			buildPhases = (
				96B1C4991BE159CA00114C26 /* Sources */,
				96B1C49A1BE159CA00114C26 /* Frameworks */,
				96B1C49B1BE159CA00114C26 /* Resources */,
			);
			buildRules = (
			);
			dependencies = (
				96B1C49F1BE159CA00114C26 /* PBXTargetDependency */,
			);
			name = SpreaditTests;
			productName = SpreaditTests;
			productReference = 96B1C49D1BE159CA00114C26 /* SpreaditTests.xctest */;
			productType = "com.apple.product-type.bundle.unit-test";
		};
		96B1C4A71BE159CA00114C26 /* SpreaditUITests */ = {
			isa = PBXNativeTarget;
			buildConfigurationList = 96B1C4B71BE159CA00114C26 /* Build configuration list for PBXNativeTarget "SpreaditUITests" */;
			buildPhases = (
				96B1C4A41BE159CA00114C26 /* Sources */,
				96B1C4A51BE159CA00114C26 /* Frameworks */,
				96B1C4A61BE159CA00114C26 /* Resources */,
			);
			buildRules = (
			);
			dependencies = (
				96B1C4AA1BE159CA00114C26 /* PBXTargetDependency */,
			);
			name = SpreaditUITests;
			productName = SpreaditUITests;
			productReference = 96B1C4A81BE159CA00114C26 /* SpreaditUITests.xctest */;
			productType = "com.apple.product-type.bundle.ui-testing";
		};
		96B1C4D01BE167F700114C26 /* SpreaditSharer */ = {
			isa = PBXNativeTarget;
			buildConfigurationList = 96B1C4DC1BE167F700114C26 /* Build configuration list for PBXNativeTarget "SpreaditSharer" */;
			buildPhases = (
				5E8C9B45572D84147EB8FCBE /* Check Pods Manifest.lock */,
				96B1C4CD1BE167F700114C26 /* Sources */,
				96B1C4CE1BE167F700114C26 /* Frameworks */,
				96B1C4CF1BE167F700114C26 /* Resources */,
				C279F0116D5488DA234186E8 /* Copy Pods Resources */,
				EEC2CCAA62D5CB70FF0933FE /* Embed Pods Frameworks */,
			);
			buildRules = (
			);
			dependencies = (
			);
			name = SpreaditSharer;
			productName = SpreaditSharer;
			productReference = 96B1C4D11BE167F700114C26 /* SpreaditSharer.appex */;
			productType = "com.apple.product-type.app-extension";
		};
		96F99F611C0AEEA7005D6364 /* FontanaKeyboard */ = {
			isa = PBXNativeTarget;
			buildConfigurationList = 96F99F6D1C0AEEA7005D6364 /* Build configuration list for PBXNativeTarget "FontanaKeyboard" */;
			buildPhases = (
				51130802D50996D9CA9BE4F9 /* Check Pods Manifest.lock */,
				96F99F5E1C0AEEA7005D6364 /* Sources */,
				96F99F5F1C0AEEA7005D6364 /* Frameworks */,
				96F99F601C0AEEA7005D6364 /* Resources */,
				C7E4DA2CD3E0993FDABB8BAA /* Copy Pods Resources */,
				BB0B01B97B0D802683BC32AE /* Embed Pods Frameworks */,
			);
			buildRules = (
			);
			dependencies = (
			);
			name = FontanaKeyboard;
			productName = FontanaKeyboard;
			productReference = 96F99F621C0AEEA7005D6364 /* FontanaKeyboard.appex */;
			productType = "com.apple.product-type.app-extension";
		};
/* End PBXNativeTarget section */

/* Begin PBXProject section */
		96B1C4811BE159CA00114C26 /* Project object */ = {
			isa = PBXProject;
			attributes = {
				LastSwiftUpdateCheck = 0710;
				LastUpgradeCheck = 0710;
				ORGANIZATIONNAME = "Marko Hlebar";
				TargetAttributes = {
					96B1C4881BE159CA00114C26 = {
						CreatedOnToolsVersion = 7.1;
						DevelopmentTeam = 7LN5U2P4GE;
					};
					96B1C49C1BE159CA00114C26 = {
						CreatedOnToolsVersion = 7.1;
						TestTargetID = 96B1C4881BE159CA00114C26;
					};
					96B1C4A71BE159CA00114C26 = {
						CreatedOnToolsVersion = 7.1;
						TestTargetID = 96B1C4881BE159CA00114C26;
					};
					96B1C4D01BE167F700114C26 = {
						CreatedOnToolsVersion = 7.1;
						DevelopmentTeam = 7LN5U2P4GE;
					};
					96F99F611C0AEEA7005D6364 = {
						CreatedOnToolsVersion = 7.1.1;
						DevelopmentTeam = 7LN5U2P4GE;
					};
				};
			};
			buildConfigurationList = 96B1C4841BE159CA00114C26 /* Build configuration list for PBXProject "Spreadit" */;
			compatibilityVersion = "Xcode 3.2";
			developmentRegion = English;
			hasScannedForEncodings = 0;
			knownRegions = (
				en,
				Base,
			);
			mainGroup = 96B1C4801BE159CA00114C26;
			productRefGroup = 96B1C48A1BE159CA00114C26 /* Products */;
			projectDirPath = "";
			projectRoot = "";
			targets = (
				96B1C4881BE159CA00114C26 /* Spreadit */,
				96B1C49C1BE159CA00114C26 /* SpreaditTests */,
				96B1C4A71BE159CA00114C26 /* SpreaditUITests */,
				96B1C4D01BE167F700114C26 /* SpreaditSharer */,
				96F99F611C0AEEA7005D6364 /* FontanaKeyboard */,
			);
		};
/* End PBXProject section */

/* Begin PBXResourcesBuildPhase section */
		96B1C4871BE159CA00114C26 /* Resources */ = {
			isa = PBXResourcesBuildPhase;
			buildActionMask = 2147483647;
			files = (
				96B1C4971BE159CA00114C26 /* LaunchScreen.storyboard in Resources */,
				96B1C4941BE159CA00114C26 /* Assets.xcassets in Resources */,
				96B1C4921BE159CA00114C26 /* Main.storyboard in Resources */,
			);
			runOnlyForDeploymentPostprocessing = 0;
		};
		96B1C49B1BE159CA00114C26 /* Resources */ = {
			isa = PBXResourcesBuildPhase;
			buildActionMask = 2147483647;
			files = (
			);
			runOnlyForDeploymentPostprocessing = 0;
		};
		96B1C4A61BE159CA00114C26 /* Resources */ = {
			isa = PBXResourcesBuildPhase;
			buildActionMask = 2147483647;
			files = (
			);
			runOnlyForDeploymentPostprocessing = 0;
		};
		96B1C4CF1BE167F700114C26 /* Resources */ = {
			isa = PBXResourcesBuildPhase;
			buildActionMask = 2147483647;
			files = (
			);
			runOnlyForDeploymentPostprocessing = 0;
		};
		96F99F601C0AEEA7005D6364 /* Resources */ = {
			isa = PBXResourcesBuildPhase;
			buildActionMask = 2147483647;
			files = (
				96C446931C0EB66E00051149 /* FNTKeyboardItemCell.xib in Resources */,
				96C446991C1335F100051149 /* tux.jpg in Resources */,
			);
			runOnlyForDeploymentPostprocessing = 0;
		};
/* End PBXResourcesBuildPhase section */

/* Begin PBXShellScriptBuildPhase section */
		51130802D50996D9CA9BE4F9 /* Check Pods Manifest.lock */ = {
			isa = PBXShellScriptBuildPhase;
			buildActionMask = 2147483647;
			files = (
			);
			inputPaths = (
			);
			name = "Check Pods Manifest.lock";
			outputPaths = (
			);
			runOnlyForDeploymentPostprocessing = 0;
			shellPath = /bin/sh;
			shellScript = "diff \"${PODS_ROOT}/../Podfile.lock\" \"${PODS_ROOT}/Manifest.lock\" > /dev/null\nif [[ $? != 0 ]] ; then\n    cat << EOM\nerror: The sandbox is not in sync with the Podfile.lock. Run 'pod install' or update your CocoaPods installation.\nEOM\n    exit 1\nfi\n";
			showEnvVarsInLog = 0;
		};
		5E8C9B45572D84147EB8FCBE /* Check Pods Manifest.lock */ = {
			isa = PBXShellScriptBuildPhase;
			buildActionMask = 2147483647;
			files = (
			);
			inputPaths = (
			);
			name = "Check Pods Manifest.lock";
			outputPaths = (
			);
			runOnlyForDeploymentPostprocessing = 0;
			shellPath = /bin/sh;
			shellScript = "diff \"${PODS_ROOT}/../Podfile.lock\" \"${PODS_ROOT}/Manifest.lock\" > /dev/null\nif [[ $? != 0 ]] ; then\n    cat << EOM\nerror: The sandbox is not in sync with the Podfile.lock. Run 'pod install' or update your CocoaPods installation.\nEOM\n    exit 1\nfi\n";
			showEnvVarsInLog = 0;
		};
		7813646D7088E9D6FD96F025 /* Copy Pods Resources */ = {
			isa = PBXShellScriptBuildPhase;
			buildActionMask = 2147483647;
			files = (
			);
			inputPaths = (
			);
			name = "Copy Pods Resources";
			outputPaths = (
			);
			runOnlyForDeploymentPostprocessing = 0;
			shellPath = /bin/sh;
			shellScript = "\"${SRCROOT}/Pods/Target Support Files/Pods-Spreadit/Pods-Spreadit-resources.sh\"\n";
			showEnvVarsInLog = 0;
		};
		9CB9C535D9A4F5CFB1C0D1C1 /* Embed Pods Frameworks */ = {
			isa = PBXShellScriptBuildPhase;
			buildActionMask = 2147483647;
			files = (
			);
			inputPaths = (
			);
			name = "Embed Pods Frameworks";
			outputPaths = (
			);
			runOnlyForDeploymentPostprocessing = 0;
			shellPath = /bin/sh;
			shellScript = "\"${SRCROOT}/Pods/Target Support Files/Pods-Spreadit/Pods-Spreadit-frameworks.sh\"\n";
			showEnvVarsInLog = 0;
		};
		BB0B01B97B0D802683BC32AE /* Embed Pods Frameworks */ = {
			isa = PBXShellScriptBuildPhase;
			buildActionMask = 2147483647;
			files = (
			);
			inputPaths = (
			);
			name = "Embed Pods Frameworks";
			outputPaths = (
			);
			runOnlyForDeploymentPostprocessing = 0;
			shellPath = /bin/sh;
			shellScript = "\"${SRCROOT}/Pods/Target Support Files/Pods-FontanaKeyboard/Pods-FontanaKeyboard-frameworks.sh\"\n";
			showEnvVarsInLog = 0;
		};
		C279F0116D5488DA234186E8 /* Copy Pods Resources */ = {
			isa = PBXShellScriptBuildPhase;
			buildActionMask = 2147483647;
			files = (
			);
			inputPaths = (
			);
			name = "Copy Pods Resources";
			outputPaths = (
			);
			runOnlyForDeploymentPostprocessing = 0;
			shellPath = /bin/sh;
			shellScript = "\"${SRCROOT}/Pods/Target Support Files/Pods-SpreaditSharer/Pods-SpreaditSharer-resources.sh\"\n";
			showEnvVarsInLog = 0;
		};
		C7E4DA2CD3E0993FDABB8BAA /* Copy Pods Resources */ = {
			isa = PBXShellScriptBuildPhase;
			buildActionMask = 2147483647;
			files = (
			);
			inputPaths = (
			);
			name = "Copy Pods Resources";
			outputPaths = (
			);
			runOnlyForDeploymentPostprocessing = 0;
			shellPath = /bin/sh;
			shellScript = "\"${SRCROOT}/Pods/Target Support Files/Pods-FontanaKeyboard/Pods-FontanaKeyboard-resources.sh\"\n";
			showEnvVarsInLog = 0;
		};
		DF6ADAAE1D02668BDAC99E0A /* Check Pods Manifest.lock */ = {
			isa = PBXShellScriptBuildPhase;
			buildActionMask = 2147483647;
			files = (
			);
			inputPaths = (
			);
			name = "Check Pods Manifest.lock";
			outputPaths = (
			);
			runOnlyForDeploymentPostprocessing = 0;
			shellPath = /bin/sh;
			shellScript = "diff \"${PODS_ROOT}/../Podfile.lock\" \"${PODS_ROOT}/Manifest.lock\" > /dev/null\nif [[ $? != 0 ]] ; then\n    cat << EOM\nerror: The sandbox is not in sync with the Podfile.lock. Run 'pod install' or update your CocoaPods installation.\nEOM\n    exit 1\nfi\n";
			showEnvVarsInLog = 0;
		};
		EEC2CCAA62D5CB70FF0933FE /* Embed Pods Frameworks */ = {
			isa = PBXShellScriptBuildPhase;
			buildActionMask = 2147483647;
			files = (
			);
			inputPaths = (
			);
			name = "Embed Pods Frameworks";
			outputPaths = (
			);
			runOnlyForDeploymentPostprocessing = 0;
			shellPath = /bin/sh;
			shellScript = "\"${SRCROOT}/Pods/Target Support Files/Pods-SpreaditSharer/Pods-SpreaditSharer-frameworks.sh\"\n";
			showEnvVarsInLog = 0;
		};
/* End PBXShellScriptBuildPhase section */

/* Begin PBXSourcesBuildPhase section */
		96B1C4851BE159CA00114C26 /* Sources */ = {
			isa = PBXSourcesBuildPhase;
			buildActionMask = 2147483647;
			files = (
				96B1C48F1BE159CA00114C26 /* ViewController.swift in Sources */,
				96B1C48D1BE159CA00114C26 /* AppDelegate.swift in Sources */,
			);
			runOnlyForDeploymentPostprocessing = 0;
		};
		96B1C4991BE159CA00114C26 /* Sources */ = {
			isa = PBXSourcesBuildPhase;
			buildActionMask = 2147483647;
			files = (
				965311051C13699D005CB906 /* FNTGoogleSearchQuery.m in Sources */,
				965310FB1C1355B8005CB906 /* FNTContextParserTest.m in Sources */,
				965310FC1C1355CA005CB906 /* FNTContextParser.m in Sources */,
				965311021C1368DB005CB906 /* FNTKeyboardItemCellModel.m in Sources */,
				965311011C1368D7005CB906 /* FNTKeyboardViewModel.m in Sources */,
				965311001C1368C9005CB906 /* FNTKeyboardViewModelTest.m in Sources */,
				965311031C1368E6005CB906 /* FNTItem.m in Sources */,
			);
			runOnlyForDeploymentPostprocessing = 0;
		};
		96B1C4A41BE159CA00114C26 /* Sources */ = {
			isa = PBXSourcesBuildPhase;
			buildActionMask = 2147483647;
			files = (
				96B1C4AD1BE159CA00114C26 /* SpreaditUITests.swift in Sources */,
			);
			runOnlyForDeploymentPostprocessing = 0;
		};
		96B1C4CD1BE167F700114C26 /* Sources */ = {
			isa = PBXSourcesBuildPhase;
			buildActionMask = 2147483647;
			files = (
				96B1C4D41BE167F700114C26 /* ShareViewController.swift in Sources */,
				96A14FAE1BE1DCD000CC7D4B /* ShareTransformer.swift in Sources */,
				96A14FAC1BE1DB5C00CC7D4B /* ItunesPlainTextToSpotifyURLTransformer.swift in Sources */,
			);
			runOnlyForDeploymentPostprocessing = 0;
		};
		96F99F5E1C0AEEA7005D6364 /* Sources */ = {
			isa = PBXSourcesBuildPhase;
			buildActionMask = 2147483647;
			files = (
				965310F21C134F0B005CB906 /* FNTGoogleSearchQuery.m in Sources */,
				965310F81C1354E2005CB906 /* FNTContextParser.m in Sources */,
				96C4468B1C0E186F00051149 /* NSObject+FNTTextDocumentProxyAdditions.m in Sources */,
				96F99F661C0AEEA7005D6364 /* FNTKeyboardViewController.m in Sources */,
				966D57B21C2400EF00F14B5F /* FNTSourceToColorTransformer.m in Sources */,
				96C446911C0EB63C00051149 /* FNTKeyboardItemCell.m in Sources */,
				96C4468E1C0E279600051149 /* FNTKeyboardViewModel.m in Sources */,
				966D57AE1C22D5EC00F14B5F /* FNTUsageTutorialView.m in Sources */,
				96C446961C0EBA4700051149 /* FNTKeyboardItemCellModel.m in Sources */,
				96DB7FED1C0E12110073C330 /* FNTItem.m in Sources */,
			);
			runOnlyForDeploymentPostprocessing = 0;
		};
/* End PBXSourcesBuildPhase section */

/* Begin PBXTargetDependency section */
		96B1C49F1BE159CA00114C26 /* PBXTargetDependency */ = {
			isa = PBXTargetDependency;
			target = 96B1C4881BE159CA00114C26 /* Spreadit */;
			targetProxy = 96B1C49E1BE159CA00114C26 /* PBXContainerItemProxy */;
		};
		96B1C4AA1BE159CA00114C26 /* PBXTargetDependency */ = {
			isa = PBXTargetDependency;
			target = 96B1C4881BE159CA00114C26 /* Spreadit */;
			targetProxy = 96B1C4A91BE159CA00114C26 /* PBXContainerItemProxy */;
		};
		96F99F691C0AEEA7005D6364 /* PBXTargetDependency */ = {
			isa = PBXTargetDependency;
			target = 96F99F611C0AEEA7005D6364 /* FontanaKeyboard */;
			targetProxy = 96F99F681C0AEEA7005D6364 /* PBXContainerItemProxy */;
		};
/* End PBXTargetDependency section */

/* Begin PBXVariantGroup section */
		96B1C4901BE159CA00114C26 /* Main.storyboard */ = {
			isa = PBXVariantGroup;
			children = (
				96B1C4911BE159CA00114C26 /* Base */,
			);
			name = Main.storyboard;
			sourceTree = "<group>";
		};
		96B1C4951BE159CA00114C26 /* LaunchScreen.storyboard */ = {
			isa = PBXVariantGroup;
			children = (
				96B1C4961BE159CA00114C26 /* Base */,
			);
			name = LaunchScreen.storyboard;
			sourceTree = "<group>";
		};
/* End PBXVariantGroup section */

/* Begin XCBuildConfiguration section */
		96B1C4AF1BE159CA00114C26 /* Debug */ = {
			isa = XCBuildConfiguration;
			buildSettings = {
				ALWAYS_SEARCH_USER_PATHS = NO;
				CLANG_CXX_LANGUAGE_STANDARD = "gnu++0x";
				CLANG_CXX_LIBRARY = "libc++";
				CLANG_ENABLE_MODULES = YES;
				CLANG_ENABLE_OBJC_ARC = YES;
				CLANG_WARN_BOOL_CONVERSION = YES;
				CLANG_WARN_CONSTANT_CONVERSION = YES;
				CLANG_WARN_DIRECT_OBJC_ISA_USAGE = YES_ERROR;
				CLANG_WARN_EMPTY_BODY = YES;
				CLANG_WARN_ENUM_CONVERSION = YES;
				CLANG_WARN_INT_CONVERSION = YES;
				CLANG_WARN_OBJC_ROOT_CLASS = YES_ERROR;
				CLANG_WARN_UNREACHABLE_CODE = YES;
				CLANG_WARN__DUPLICATE_METHOD_MATCH = YES;
				"CODE_SIGN_IDENTITY[sdk=iphoneos*]" = "iPhone Developer";
				COPY_PHASE_STRIP = NO;
				DEBUG_INFORMATION_FORMAT = dwarf;
				ENABLE_STRICT_OBJC_MSGSEND = YES;
				ENABLE_TESTABILITY = YES;
				GCC_C_LANGUAGE_STANDARD = gnu99;
				GCC_DYNAMIC_NO_PIC = NO;
				GCC_NO_COMMON_BLOCKS = YES;
				GCC_OPTIMIZATION_LEVEL = 0;
				GCC_PREPROCESSOR_DEFINITIONS = (
					"DEBUG=1",
					"$(inherited)",
				);
				GCC_WARN_64_TO_32_BIT_CONVERSION = YES;
				GCC_WARN_ABOUT_RETURN_TYPE = YES_ERROR;
				GCC_WARN_UNDECLARED_SELECTOR = YES;
				GCC_WARN_UNINITIALIZED_AUTOS = YES_AGGRESSIVE;
				GCC_WARN_UNUSED_FUNCTION = YES;
				GCC_WARN_UNUSED_VARIABLE = YES;
				IPHONEOS_DEPLOYMENT_TARGET = 9.1;
				MTL_ENABLE_DEBUG_INFO = YES;
				ONLY_ACTIVE_ARCH = YES;
				SDKROOT = iphoneos;
				SWIFT_OPTIMIZATION_LEVEL = "-Onone";
				TARGETED_DEVICE_FAMILY = "1,2";
			};
			name = Debug;
		};
		96B1C4B01BE159CA00114C26 /* Release */ = {
			isa = XCBuildConfiguration;
			buildSettings = {
				ALWAYS_SEARCH_USER_PATHS = NO;
				CLANG_CXX_LANGUAGE_STANDARD = "gnu++0x";
				CLANG_CXX_LIBRARY = "libc++";
				CLANG_ENABLE_MODULES = YES;
				CLANG_ENABLE_OBJC_ARC = YES;
				CLANG_WARN_BOOL_CONVERSION = YES;
				CLANG_WARN_CONSTANT_CONVERSION = YES;
				CLANG_WARN_DIRECT_OBJC_ISA_USAGE = YES_ERROR;
				CLANG_WARN_EMPTY_BODY = YES;
				CLANG_WARN_ENUM_CONVERSION = YES;
				CLANG_WARN_INT_CONVERSION = YES;
				CLANG_WARN_OBJC_ROOT_CLASS = YES_ERROR;
				CLANG_WARN_UNREACHABLE_CODE = YES;
				CLANG_WARN__DUPLICATE_METHOD_MATCH = YES;
				"CODE_SIGN_IDENTITY[sdk=iphoneos*]" = "iPhone Developer";
				COPY_PHASE_STRIP = NO;
				DEBUG_INFORMATION_FORMAT = "dwarf-with-dsym";
				ENABLE_NS_ASSERTIONS = NO;
				ENABLE_STRICT_OBJC_MSGSEND = YES;
				GCC_C_LANGUAGE_STANDARD = gnu99;
				GCC_NO_COMMON_BLOCKS = YES;
				GCC_WARN_64_TO_32_BIT_CONVERSION = YES;
				GCC_WARN_ABOUT_RETURN_TYPE = YES_ERROR;
				GCC_WARN_UNDECLARED_SELECTOR = YES;
				GCC_WARN_UNINITIALIZED_AUTOS = YES_AGGRESSIVE;
				GCC_WARN_UNUSED_FUNCTION = YES;
				GCC_WARN_UNUSED_VARIABLE = YES;
				IPHONEOS_DEPLOYMENT_TARGET = 9.1;
				MTL_ENABLE_DEBUG_INFO = NO;
				SDKROOT = iphoneos;
				TARGETED_DEVICE_FAMILY = "1,2";
				VALIDATE_PRODUCT = YES;
			};
			name = Release;
		};
		96B1C4B21BE159CA00114C26 /* Debug */ = {
			isa = XCBuildConfiguration;
			baseConfigurationReference = 7D230677FF9C01214B2A0356 /* Pods-Spreadit.debug.xcconfig */;
			buildSettings = {
				ASSETCATALOG_COMPILER_APPICON_NAME = AppIcon;
				CODE_SIGN_IDENTITY = "iPhone Developer";
				INFOPLIST_FILE = Spreadit/Info.plist;
				IPHONEOS_DEPLOYMENT_TARGET = 8.0;
				LD_RUNPATH_SEARCH_PATHS = "$(inherited) @executable_path/Frameworks";
				PRODUCT_BUNDLE_IDENTIFIER = com.fontanakey.app;
				PRODUCT_NAME = "$(TARGET_NAME)";
				PROVISIONING_PROFILE = "36f1d925-36ac-43a8-b531-6fea6173943e";
			};
			name = Debug;
		};
		96B1C4B31BE159CA00114C26 /* Release */ = {
			isa = XCBuildConfiguration;
			baseConfigurationReference = 789AA992A8BF19109D938472 /* Pods-Spreadit.release.xcconfig */;
			buildSettings = {
				ASSETCATALOG_COMPILER_APPICON_NAME = AppIcon;
				CODE_SIGN_IDENTITY = "iPhone Distribution";
				INFOPLIST_FILE = Spreadit/Info.plist;
				IPHONEOS_DEPLOYMENT_TARGET = 8.0;
				LD_RUNPATH_SEARCH_PATHS = "$(inherited) @executable_path/Frameworks";
				PRODUCT_BUNDLE_IDENTIFIER = com.fontanakey.app;
				PRODUCT_NAME = "$(TARGET_NAME)";
				PROVISIONING_PROFILE = "a938b9d1-4924-4d1a-bc2e-906493556398";
			};
			name = Release;
		};
		96B1C4B51BE159CA00114C26 /* Debug */ = {
			isa = XCBuildConfiguration;
			buildSettings = {
				BUNDLE_LOADER = "$(TEST_HOST)";
				CLANG_ENABLE_MODULES = YES;
				INFOPLIST_FILE = SpreaditTests/Info.plist;
				LD_RUNPATH_SEARCH_PATHS = "$(inherited) @executable_path/Frameworks @loader_path/Frameworks";
				PRODUCT_BUNDLE_IDENTIFIER = com.squid.SpreaditTests;
				PRODUCT_NAME = "$(TARGET_NAME)";
				SWIFT_OBJC_BRIDGING_HEADER = "SpreaditTests/SpreaditTests-Bridging-Header.h";
				SWIFT_OPTIMIZATION_LEVEL = "-Onone";
				TEST_HOST = "$(BUILT_PRODUCTS_DIR)/Spreadit.app/Spreadit";
			};
			name = Debug;
		};
		96B1C4B61BE159CA00114C26 /* Release */ = {
			isa = XCBuildConfiguration;
			buildSettings = {
				BUNDLE_LOADER = "$(TEST_HOST)";
				CLANG_ENABLE_MODULES = YES;
				INFOPLIST_FILE = SpreaditTests/Info.plist;
				LD_RUNPATH_SEARCH_PATHS = "$(inherited) @executable_path/Frameworks @loader_path/Frameworks";
				PRODUCT_BUNDLE_IDENTIFIER = com.squid.SpreaditTests;
				PRODUCT_NAME = "$(TARGET_NAME)";
				SWIFT_OBJC_BRIDGING_HEADER = "SpreaditTests/SpreaditTests-Bridging-Header.h";
				TEST_HOST = "$(BUILT_PRODUCTS_DIR)/Spreadit.app/Spreadit";
			};
			name = Release;
		};
		96B1C4B81BE159CA00114C26 /* Debug */ = {
			isa = XCBuildConfiguration;
			buildSettings = {
				INFOPLIST_FILE = SpreaditUITests/Info.plist;
				LD_RUNPATH_SEARCH_PATHS = "$(inherited) @executable_path/Frameworks @loader_path/Frameworks";
				PRODUCT_BUNDLE_IDENTIFIER = com.squid.SpreaditUITests;
				PRODUCT_NAME = "$(TARGET_NAME)";
				TEST_TARGET_NAME = Spreadit;
				USES_XCTRUNNER = YES;
			};
			name = Debug;
		};
		96B1C4B91BE159CA00114C26 /* Release */ = {
			isa = XCBuildConfiguration;
			buildSettings = {
				INFOPLIST_FILE = SpreaditUITests/Info.plist;
				LD_RUNPATH_SEARCH_PATHS = "$(inherited) @executable_path/Frameworks @loader_path/Frameworks";
				PRODUCT_BUNDLE_IDENTIFIER = com.squid.SpreaditUITests;
				PRODUCT_NAME = "$(TARGET_NAME)";
				TEST_TARGET_NAME = Spreadit;
				USES_XCTRUNNER = YES;
			};
			name = Release;
		};
		96B1C4DD1BE167F700114C26 /* Debug */ = {
			isa = XCBuildConfiguration;
			baseConfigurationReference = B1B73734EC6C32099E60AF3E /* Pods-SpreaditSharer.debug.xcconfig */;
			buildSettings = {
				CODE_SIGN_IDENTITY = "iPhone Developer";
				"CODE_SIGN_IDENTITY[sdk=iphoneos*]" = "iPhone Developer";
				INFOPLIST_FILE = SpreaditSharer/Info.plist;
				IPHONEOS_DEPLOYMENT_TARGET = 9.0;
				LD_RUNPATH_SEARCH_PATHS = "$(inherited) @executable_path/Frameworks @executable_path/../../Frameworks";
				PRODUCT_BUNDLE_IDENTIFIER = com.squid.Spreadit.SpreaditSharer;
				PRODUCT_NAME = "$(TARGET_NAME)";
				PROVISIONING_PROFILE = "";
				SKIP_INSTALL = YES;
			};
			name = Debug;
		};
		96B1C4DE1BE167F700114C26 /* Release */ = {
			isa = XCBuildConfiguration;
			baseConfigurationReference = C8907E947238AC39CE362288 /* Pods-SpreaditSharer.release.xcconfig */;
			buildSettings = {
				CODE_SIGN_IDENTITY = "iPhone Developer";
				"CODE_SIGN_IDENTITY[sdk=iphoneos*]" = "iPhone Developer";
				INFOPLIST_FILE = SpreaditSharer/Info.plist;
				IPHONEOS_DEPLOYMENT_TARGET = 9.0;
				LD_RUNPATH_SEARCH_PATHS = "$(inherited) @executable_path/Frameworks @executable_path/../../Frameworks";
				PRODUCT_BUNDLE_IDENTIFIER = com.squid.Spreadit.SpreaditSharer;
				PRODUCT_NAME = "$(TARGET_NAME)";
				PROVISIONING_PROFILE = "";
				SKIP_INSTALL = YES;
			};
			name = Release;
		};
		96F99F6B1C0AEEA7005D6364 /* Debug */ = {
			isa = XCBuildConfiguration;
			baseConfigurationReference = 758CFD34E942B974044F8E45 /* Pods-FontanaKeyboard.debug.xcconfig */;
			buildSettings = {
				CODE_SIGN_IDENTITY = "iPhone Developer";
				INFOPLIST_FILE = FontanaKeyboard/Info.plist;
				IPHONEOS_DEPLOYMENT_TARGET = 8.0;
				LD_RUNPATH_SEARCH_PATHS = "$(inherited) @executable_path/Frameworks @executable_path/../../Frameworks";
				PRODUCT_BUNDLE_IDENTIFIER = com.fontanakey.app.keyboard;
				PRODUCT_NAME = "$(TARGET_NAME)";
				SKIP_INSTALL = YES;
			};
			name = Debug;
		};
		96F99F6C1C0AEEA7005D6364 /* Release */ = {
			isa = XCBuildConfiguration;
			baseConfigurationReference = 9CE4CDCCC38AEEE6031D9BD1 /* Pods-FontanaKeyboard.release.xcconfig */;
			buildSettings = {
				CODE_SIGN_IDENTITY = "iPhone Distribution";
				INFOPLIST_FILE = FontanaKeyboard/Info.plist;
				IPHONEOS_DEPLOYMENT_TARGET = 8.0;
				LD_RUNPATH_SEARCH_PATHS = "$(inherited) @executable_path/Frameworks @executable_path/../../Frameworks";
				PRODUCT_BUNDLE_IDENTIFIER = com.fontanakey.app.keyboard;
				PRODUCT_NAME = "$(TARGET_NAME)";
				PROVISIONING_PROFILE = "01427d52-dc67-4d9f-9dd1-16a0c7bcccef";
				SKIP_INSTALL = YES;
			};
			name = Release;
		};
/* End XCBuildConfiguration section */

/* Begin XCConfigurationList section */
		96B1C4841BE159CA00114C26 /* Build configuration list for PBXProject "Spreadit" */ = {
			isa = XCConfigurationList;
			buildConfigurations = (
				96B1C4AF1BE159CA00114C26 /* Debug */,
				96B1C4B01BE159CA00114C26 /* Release */,
			);
			defaultConfigurationIsVisible = 0;
			defaultConfigurationName = Release;
		};
		96B1C4B11BE159CA00114C26 /* Build configuration list for PBXNativeTarget "Spreadit" */ = {
			isa = XCConfigurationList;
			buildConfigurations = (
				96B1C4B21BE159CA00114C26 /* Debug */,
				96B1C4B31BE159CA00114C26 /* Release */,
			);
			defaultConfigurationIsVisible = 0;
			defaultConfigurationName = Release;
		};
		96B1C4B41BE159CA00114C26 /* Build configuration list for PBXNativeTarget "SpreaditTests" */ = {
			isa = XCConfigurationList;
			buildConfigurations = (
				96B1C4B51BE159CA00114C26 /* Debug */,
				96B1C4B61BE159CA00114C26 /* Release */,
			);
			defaultConfigurationIsVisible = 0;
			defaultConfigurationName = Release;
		};
		96B1C4B71BE159CA00114C26 /* Build configuration list for PBXNativeTarget "SpreaditUITests" */ = {
			isa = XCConfigurationList;
			buildConfigurations = (
				96B1C4B81BE159CA00114C26 /* Debug */,
				96B1C4B91BE159CA00114C26 /* Release */,
			);
			defaultConfigurationIsVisible = 0;
			defaultConfigurationName = Release;
		};
		96B1C4DC1BE167F700114C26 /* Build configuration list for PBXNativeTarget "SpreaditSharer" */ = {
			isa = XCConfigurationList;
			buildConfigurations = (
				96B1C4DD1BE167F700114C26 /* Debug */,
				96B1C4DE1BE167F700114C26 /* Release */,
			);
			defaultConfigurationIsVisible = 0;
			defaultConfigurationName = Release;
		};
		96F99F6D1C0AEEA7005D6364 /* Build configuration list for PBXNativeTarget "FontanaKeyboard" */ = {
			isa = XCConfigurationList;
			buildConfigurations = (
				96F99F6B1C0AEEA7005D6364 /* Debug */,
				96F99F6C1C0AEEA7005D6364 /* Release */,
			);
			defaultConfigurationIsVisible = 0;
			defaultConfigurationName = Release;
		};
/* End XCConfigurationList section */
	};
	rootObject = 96B1C4811BE159CA00114C26 /* Project object */;
}
