// !$*UTF8*$!
{
	archiveVersion = 1;
	classes = {
	};
	objectVersion = 46;
	objects = {

/* Begin PBXBuildFile section */
		96B1C48D1BE159CA00114C26 /* AppDelegate.swift in Sources */ = {isa = PBXBuildFile; fileRef = 96B1C48C1BE159CA00114C26 /* AppDelegate.swift */; };
		96B1C48F1BE159CA00114C26 /* ViewController.swift in Sources */ = {isa = PBXBuildFile; fileRef = 96B1C48E1BE159CA00114C26 /* ViewController.swift */; };
		96B1C4921BE159CA00114C26 /* Main.storyboard in Resources */ = {isa = PBXBuildFile; fileRef = 96B1C4901BE159CA00114C26 /* Main.storyboard */; };
		96B1C4941BE159CA00114C26 /* Assets.xcassets in Resources */ = {isa = PBXBuildFile; fileRef = 96B1C4931BE159CA00114C26 /* Assets.xcassets */; };
		96B1C4971BE159CA00114C26 /* LaunchScreen.storyboard in Resources */ = {isa = PBXBuildFile; fileRef = 96B1C4951BE159CA00114C26 /* LaunchScreen.storyboard */; };
		96B1C4A21BE159CA00114C26 /* SpreaditTests.swift in Sources */ = {isa = PBXBuildFile; fileRef = 96B1C4A11BE159CA00114C26 /* SpreaditTests.swift */; };
		96B1C4AD1BE159CA00114C26 /* SpreaditUITests.swift in Sources */ = {isa = PBXBuildFile; fileRef = 96B1C4AC1BE159CA00114C26 /* SpreaditUITests.swift */; };
/* End PBXBuildFile section */

/* Begin PBXContainerItemProxy section */
		96B1C49E1BE159CA00114C26 /* PBXContainerItemProxy */ = {
			isa = PBXContainerItemProxy;
			containerPortal = 96B1C4811BE159CA00114C26 /* Project object */;
			proxyType = 1;
			remoteGlobalIDString = 96B1C4881BE159CA00114C26;
			remoteInfo = Spreadit;
		};
		96B1C4A91BE159CA00114C26 /* PBXContainerItemProxy */ = {
			isa = PBXContainerItemProxy;
			containerPortal = 96B1C4811BE159CA00114C26 /* Project object */;
			proxyType = 1;
			remoteGlobalIDString = 96B1C4881BE159CA00114C26;
			remoteInfo = Spreadit;
		};
/* End PBXContainerItemProxy section */

/* Begin PBXFileReference section */
		96B1C4891BE159CA00114C26 /* Spreadit.app */ = {isa = PBXFileReference; explicitFileType = wrapper.application; includeInIndex = 0; path = Spreadit.app; sourceTree = BUILT_PRODUCTS_DIR; };
		96B1C48C1BE159CA00114C26 /* AppDelegate.swift */ = {isa = PBXFileReference; lastKnownFileType = sourcecode.swift; path = AppDelegate.swift; sourceTree = "<group>"; };
		96B1C48E1BE159CA00114C26 /* ViewController.swift */ = {isa = PBXFileReference; lastKnownFileType = sourcecode.swift; path = ViewController.swift; sourceTree = "<group>"; };
		96B1C4911BE159CA00114C26 /* Base */ = {isa = PBXFileReference; lastKnownFileType = file.storyboard; name = Base; path = Base.lproj/Main.storyboard; sourceTree = "<group>"; };
		96B1C4931BE159CA00114C26 /* Assets.xcassets */ = {isa = PBXFileReference; lastKnownFileType = folder.assetcatalog; path = Assets.xcassets; sourceTree = "<group>"; };
		96B1C4961BE159CA00114C26 /* Base */ = {isa = PBXFileReference; lastKnownFileType = file.storyboard; name = Base; path = Base.lproj/LaunchScreen.storyboard; sourceTree = "<group>"; };
		96B1C4981BE159CA00114C26 /* Info.plist */ = {isa = PBXFileReference; lastKnownFileType = text.plist.xml; path = Info.plist; sourceTree = "<group>"; };
		96B1C49D1BE159CA00114C26 /* SpreaditTests.xctest */ = {isa = PBXFileReference; explicitFileType = wrapper.cfbundle; includeInIndex = 0; path = SpreaditTests.xctest; sourceTree = BUILT_PRODUCTS_DIR; };
		96B1C4A11BE159CA00114C26 /* SpreaditTests.swift */ = {isa = PBXFileReference; lastKnownFileType = sourcecode.swift; path = SpreaditTests.swift; sourceTree = "<group>"; };
		96B1C4A31BE159CA00114C26 /* Info.plist */ = {isa = PBXFileReference; lastKnownFileType = text.plist.xml; path = Info.plist; sourceTree = "<group>"; };
		96B1C4A81BE159CA00114C26 /* SpreaditUITests.xctest */ = {isa = PBXFileReference; explicitFileType = wrapper.cfbundle; includeInIndex = 0; path = SpreaditUITests.xctest; sourceTree = BUILT_PRODUCTS_DIR; };
		96B1C4AC1BE159CA00114C26 /* SpreaditUITests.swift */ = {isa = PBXFileReference; lastKnownFileType = sourcecode.swift; path = SpreaditUITests.swift; sourceTree = "<group>"; };
		96B1C4AE1BE159CA00114C26 /* Info.plist */ = {isa = PBXFileReference; lastKnownFileType = text.plist.xml; path = Info.plist; sourceTree = "<group>"; };
/* End PBXFileReference section */

/* Begin PBXFrameworksBuildPhase section */
		96B1C4861BE159CA00114C26 /* Frameworks */ = {
			isa = PBXFrameworksBuildPhase;
			buildActionMask = 2147483647;
			files = (
			);
			runOnlyForDeploymentPostprocessing = 0;
		};
		96B1C49A1BE159CA00114C26 /* Frameworks */ = {
			isa = PBXFrameworksBuildPhase;
			buildActionMask = 2147483647;
			files = (
			);
			runOnlyForDeploymentPostprocessing = 0;
		};
		96B1C4A51BE159CA00114C26 /* Frameworks */ = {
			isa = PBXFrameworksBuildPhase;
			buildActionMask = 2147483647;
			files = (
			);
			runOnlyForDeploymentPostprocessing = 0;
		};
/* End PBXFrameworksBuildPhase section */

/* Begin PBXGroup section */
		96B1C4801BE159CA00114C26 = {
			isa = PBXGroup;
			children = (
				96B1C48B1BE159CA00114C26 /* Spreadit */,
				96B1C4A01BE159CA00114C26 /* SpreaditTests */,
				96B1C4AB1BE159CA00114C26 /* SpreaditUITests */,
				96B1C48A1BE159CA00114C26 /* Products */,
			);
			sourceTree = "<group>";
		};
		96B1C48A1BE159CA00114C26 /* Products */ = {
			isa = PBXGroup;
			children = (
				96B1C4891BE159CA00114C26 /* Spreadit.app */,
				96B1C49D1BE159CA00114C26 /* SpreaditTests.xctest */,
				96B1C4A81BE159CA00114C26 /* SpreaditUITests.xctest */,
			);
			name = Products;
			sourceTree = "<group>";
		};
		96B1C48B1BE159CA00114C26 /* Spreadit */ = {
			isa = PBXGroup;
			children = (
				96B1C48C1BE159CA00114C26 /* AppDelegate.swift */,
				96B1C48E1BE159CA00114C26 /* ViewController.swift */,
				96B1C4901BE159CA00114C26 /* Main.storyboard */,
				96B1C4931BE159CA00114C26 /* Assets.xcassets */,
				96B1C4951BE159CA00114C26 /* LaunchScreen.storyboard */,
				96B1C4981BE159CA00114C26 /* Info.plist */,
			);
			path = Spreadit;
			sourceTree = "<group>";
		};
		96B1C4A01BE159CA00114C26 /* SpreaditTests */ = {
			isa = PBXGroup;
			children = (
				96B1C4A11BE159CA00114C26 /* SpreaditTests.swift */,
				96B1C4A31BE159CA00114C26 /* Info.plist */,
			);
			path = SpreaditTests;
			sourceTree = "<group>";
		};
		96B1C4AB1BE159CA00114C26 /* SpreaditUITests */ = {
			isa = PBXGroup;
			children = (
				96B1C4AC1BE159CA00114C26 /* SpreaditUITests.swift */,
				96B1C4AE1BE159CA00114C26 /* Info.plist */,
			);
			path = SpreaditUITests;
			sourceTree = "<group>";
		};
/* End PBXGroup section */

/* Begin PBXNativeTarget section */
		96B1C4881BE159CA00114C26 /* Spreadit */ = {
			isa = PBXNativeTarget;
			buildConfigurationList = 96B1C4B11BE159CA00114C26 /* Build configuration list for PBXNativeTarget "Spreadit" */;
			buildPhases = (
				96B1C4851BE159CA00114C26 /* Sources */,
				96B1C4861BE159CA00114C26 /* Frameworks */,
				96B1C4871BE159CA00114C26 /* Resources */,
			);
			buildRules = (
			);
			dependencies = (
			);
			name = Spreadit;
			productName = Spreadit;
			productReference = 96B1C4891BE159CA00114C26 /* Spreadit.app */;
			productType = "com.apple.product-type.application";
		};
		96B1C49C1BE159CA00114C26 /* SpreaditTests */ = {
			isa = PBXNativeTarget;
			buildConfigurationList = 96B1C4B41BE159CA00114C26 /* Build configuration list for PBXNativeTarget "SpreaditTests" */;
			buildPhases = (
				96B1C4991BE159CA00114C26 /* Sources */,
				96B1C49A1BE159CA00114C26 /* Frameworks */,
				96B1C49B1BE159CA00114C26 /* Resources */,
			);
			buildRules = (
			);
			dependencies = (
				96B1C49F1BE159CA00114C26 /* PBXTargetDependency */,
			);
			name = SpreaditTests;
			productName = SpreaditTests;
			productReference = 96B1C49D1BE159CA00114C26 /* SpreaditTests.xctest */;
			productType = "com.apple.product-type.bundle.unit-test";
		};
		96B1C4A71BE159CA00114C26 /* SpreaditUITests */ = {
			isa = PBXNativeTarget;
			buildConfigurationList = 96B1C4B71BE159CA00114C26 /* Build configuration list for PBXNativeTarget "SpreaditUITests" */;
			buildPhases = (
				96B1C4A41BE159CA00114C26 /* Sources */,
				96B1C4A51BE159CA00114C26 /* Frameworks */,
				96B1C4A61BE159CA00114C26 /* Resources */,
			);
			buildRules = (
			);
			dependencies = (
				96B1C4AA1BE159CA00114C26 /* PBXTargetDependency */,
			);
			name = SpreaditUITests;
			productName = SpreaditUITests;
			productReference = 96B1C4A81BE159CA00114C26 /* SpreaditUITests.xctest */;
			productType = "com.apple.product-type.bundle.ui-testing";
		};
/* End PBXNativeTarget section */

/* Begin PBXProject section */
		96B1C4811BE159CA00114C26 /* Project object */ = {
			isa = PBXProject;
			attributes = {
				LastSwiftUpdateCheck = 0710;
				LastUpgradeCheck = 0710;
				ORGANIZATIONNAME = "Marko Hlebar";
				TargetAttributes = {
					96B1C4881BE159CA00114C26 = {
						CreatedOnToolsVersion = 7.1;
					};
					96B1C49C1BE159CA00114C26 = {
						CreatedOnToolsVersion = 7.1;
						TestTargetID = 96B1C4881BE159CA00114C26;
					};
					96B1C4A71BE159CA00114C26 = {
						CreatedOnToolsVersion = 7.1;
						TestTargetID = 96B1C4881BE159CA00114C26;
					};
				};
			};
			buildConfigurationList = 96B1C4841BE159CA00114C26 /* Build configuration list for PBXProject "Spreadit" */;
			compatibilityVersion = "Xcode 3.2";
			developmentRegion = English;
			hasScannedForEncodings = 0;
			knownRegions = (
				en,
				Base,
			);
			mainGroup = 96B1C4801BE159CA00114C26;
			productRefGroup = 96B1C48A1BE159CA00114C26 /* Products */;
			projectDirPath = "";
			projectRoot = "";
			targets = (
				96B1C4881BE159CA00114C26 /* Spreadit */,
				96B1C49C1BE159CA00114C26 /* SpreaditTests */,
				96B1C4A71BE159CA00114C26 /* SpreaditUITests */,
			);
		};
/* End PBXProject section */

/* Begin PBXResourcesBuildPhase section */
		96B1C4871BE159CA00114C26 /* Resources */ = {
			isa = PBXResourcesBuildPhase;
			buildActionMask = 2147483647;
			files = (
				96B1C4971BE159CA00114C26 /* LaunchScreen.storyboard in Resources */,
				96B1C4941BE159CA00114C26 /* Assets.xcassets in Resources */,
				96B1C4921BE159CA00114C26 /* Main.storyboard in Resources */,
			);
			runOnlyForDeploymentPostprocessing = 0;
		};
		96B1C49B1BE159CA00114C26 /* Resources */ = {
			isa = PBXResourcesBuildPhase;
			buildActionMask = 2147483647;
			files = (
			);
			runOnlyForDeploymentPostprocessing = 0;
		};
		96B1C4A61BE159CA00114C26 /* Resources */ = {
			isa = PBXResourcesBuildPhase;
			buildActionMask = 2147483647;
			files = (
			);
			runOnlyForDeploymentPostprocessing = 0;
		};
/* End PBXResourcesBuildPhase section */

/* Begin PBXSourcesBuildPhase section */
		96B1C4851BE159CA00114C26 /* Sources */ = {
			isa = PBXSourcesBuildPhase;
			buildActionMask = 2147483647;
			files = (
				96B1C48F1BE159CA00114C26 /* ViewController.swift in Sources */,
				96B1C48D1BE159CA00114C26 /* AppDelegate.swift in Sources */,
			);
			runOnlyForDeploymentPostprocessing = 0;
		};
		96B1C4991BE159CA00114C26 /* Sources */ = {
			isa = PBXSourcesBuildPhase;
			buildActionMask = 2147483647;
			files = (
				96B1C4A21BE159CA00114C26 /* SpreaditTests.swift in Sources */,
			);
			runOnlyForDeploymentPostprocessing = 0;
		};
		96B1C4A41BE159CA00114C26 /* Sources */ = {
			isa = PBXSourcesBuildPhase;
			buildActionMask = 2147483647;
			files = (
				96B1C4AD1BE159CA00114C26 /* SpreaditUITests.swift in Sources */,
			);
			runOnlyForDeploymentPostprocessing = 0;
		};
/* End PBXSourcesBuildPhase section */

/* Begin PBXTargetDependency section */
		96B1C49F1BE159CA00114C26 /* PBXTargetDependency */ = {
			isa = PBXTargetDependency;
			target = 96B1C4881BE159CA00114C26 /* Spreadit */;
			targetProxy = 96B1C49E1BE159CA00114C26 /* PBXContainerItemProxy */;
		};
		96B1C4AA1BE159CA00114C26 /* PBXTargetDependency */ = {
			isa = PBXTargetDependency;
			target = 96B1C4881BE159CA00114C26 /* Spreadit */;
			targetProxy = 96B1C4A91BE159CA00114C26 /* PBXContainerItemProxy */;
		};
/* End PBXTargetDependency section */

/* Begin PBXVariantGroup section */
		96B1C4901BE159CA00114C26 /* Main.storyboard */ = {
			isa = PBXVariantGroup;
			children = (
				96B1C4911BE159CA00114C26 /* Base */,
			);
			name = Main.storyboard;
			sourceTree = "<group>";
		};
		96B1C4951BE159CA00114C26 /* LaunchScreen.storyboard */ = {
			isa = PBXVariantGroup;
			children = (
				96B1C4961BE159CA00114C26 /* Base */,
			);
			name = LaunchScreen.storyboard;
			sourceTree = "<group>";
		};
/* End PBXVariantGroup section */

/* Begin XCBuildConfiguration section */
		96B1C4AF1BE159CA00114C26 /* Debug */ = {
			isa = XCBuildConfiguration;
			buildSettings = {
				ALWAYS_SEARCH_USER_PATHS = NO;
				CLANG_CXX_LANGUAGE_STANDARD = "gnu++0x";
				CLANG_CXX_LIBRARY = "libc++";
				CLANG_ENABLE_MODULES = YES;
				CLANG_ENABLE_OBJC_ARC = YES;
				CLANG_WARN_BOOL_CONVERSION = YES;
				CLANG_WARN_CONSTANT_CONVERSION = YES;
				CLANG_WARN_DIRECT_OBJC_ISA_USAGE = YES_ERROR;
				CLANG_WARN_EMPTY_BODY = YES;
				CLANG_WARN_ENUM_CONVERSION = YES;
				CLANG_WARN_INT_CONVERSION = YES;
				CLANG_WARN_OBJC_ROOT_CLASS = YES_ERROR;
				CLANG_WARN_UNREACHABLE_CODE = YES;
				CLANG_WARN__DUPLICATE_METHOD_MATCH = YES;
				"CODE_SIGN_IDENTITY[sdk=iphoneos*]" = "iPhone Developer";
				COPY_PHASE_STRIP = NO;
				DEBUG_INFORMATION_FORMAT = dwarf;
				ENABLE_STRICT_OBJC_MSGSEND = YES;
				ENABLE_TESTABILITY = YES;
				GCC_C_LANGUAGE_STANDARD = gnu99;
				GCC_DYNAMIC_NO_PIC = NO;
				GCC_NO_COMMON_BLOCKS = YES;
				GCC_OPTIMIZATION_LEVEL = 0;
				GCC_PREPROCESSOR_DEFINITIONS = (
					"DEBUG=1",
					"$(inherited)",
				);
				GCC_WARN_64_TO_32_BIT_CONVERSION = YES;
				GCC_WARN_ABOUT_RETURN_TYPE = YES_ERROR;
				GCC_WARN_UNDECLARED_SELECTOR = YES;
				GCC_WARN_UNINITIALIZED_AUTOS = YES_AGGRESSIVE;
				GCC_WARN_UNUSED_FUNCTION = YES;
				GCC_WARN_UNUSED_VARIABLE = YES;
				IPHONEOS_DEPLOYMENT_TARGET = 9.1;
				MTL_ENABLE_DEBUG_INFO = YES;
				ONLY_ACTIVE_ARCH = YES;
				SDKROOT = iphoneos;
				SWIFT_OPTIMIZATION_LEVEL = "-Onone";
				TARGETED_DEVICE_FAMILY = "1,2";
			};
			name = Debug;
		};
		96B1C4B01BE159CA00114C26 /* Release */ = {
			isa = XCBuildConfiguration;
			buildSettings = {
				ALWAYS_SEARCH_USER_PATHS = NO;
				CLANG_CXX_LANGUAGE_STANDARD = "gnu++0x";
				CLANG_CXX_LIBRARY = "libc++";
				CLANG_ENABLE_MODULES = YES;
				CLANG_ENABLE_OBJC_ARC = YES;
				CLANG_WARN_BOOL_CONVERSION = YES;
				CLANG_WARN_CONSTANT_CONVERSION = YES;
				CLANG_WARN_DIRECT_OBJC_ISA_USAGE = YES_ERROR;
				CLANG_WARN_EMPTY_BODY = YES;
				CLANG_WARN_ENUM_CONVERSION = YES;
				CLANG_WARN_INT_CONVERSION = YES;
				CLANG_WARN_OBJC_ROOT_CLASS = YES_ERROR;
				CLANG_WARN_UNREACHABLE_CODE = YES;
				CLANG_WARN__DUPLICATE_METHOD_MATCH = YES;
				"CODE_SIGN_IDENTITY[sdk=iphoneos*]" = "iPhone Developer";
				COPY_PHASE_STRIP = NO;
				DEBUG_INFORMATION_FORMAT = "dwarf-with-dsym";
				ENABLE_NS_ASSERTIONS = NO;
				ENABLE_STRICT_OBJC_MSGSEND = YES;
				GCC_C_LANGUAGE_STANDARD = gnu99;
				GCC_NO_COMMON_BLOCKS = YES;
				GCC_WARN_64_TO_32_BIT_CONVERSION = YES;
				GCC_WARN_ABOUT_RETURN_TYPE = YES_ERROR;
				GCC_WARN_UNDECLARED_SELECTOR = YES;
				GCC_WARN_UNINITIALIZED_AUTOS = YES_AGGRESSIVE;
				GCC_WARN_UNUSED_FUNCTION = YES;
				GCC_WARN_UNUSED_VARIABLE = YES;
				IPHONEOS_DEPLOYMENT_TARGET = 9.1;
				MTL_ENABLE_DEBUG_INFO = NO;
				SDKROOT = iphoneos;
				TARGETED_DEVICE_FAMILY = "1,2";
				VALIDATE_PRODUCT = YES;
			};
			name = Release;
		};
		96B1C4B21BE159CA00114C26 /* Debug */ = {
			isa = XCBuildConfiguration;
			buildSettings = {
				ASSETCATALOG_COMPILER_APPICON_NAME = AppIcon;
				INFOPLIST_FILE = Spreadit/Info.plist;
				LD_RUNPATH_SEARCH_PATHS = "$(inherited) @executable_path/Frameworks";
				PRODUCT_BUNDLE_IDENTIFIER = com.squid.Spreadit;
				PRODUCT_NAME = "$(TARGET_NAME)";
			};
			name = Debug;
		};
		96B1C4B31BE159CA00114C26 /* Release */ = {
			isa = XCBuildConfiguration;
			buildSettings = {
				ASSETCATALOG_COMPILER_APPICON_NAME = AppIcon;
				INFOPLIST_FILE = Spreadit/Info.plist;
				LD_RUNPATH_SEARCH_PATHS = "$(inherited) @executable_path/Frameworks";
				PRODUCT_BUNDLE_IDENTIFIER = com.squid.Spreadit;
				PRODUCT_NAME = "$(TARGET_NAME)";
			};
			name = Release;
		};
		96B1C4B51BE159CA00114C26 /* Debug */ = {
			isa = XCBuildConfiguration;
			buildSettings = {
				BUNDLE_LOADER = "$(TEST_HOST)";
				INFOPLIST_FILE = SpreaditTests/Info.plist;
				LD_RUNPATH_SEARCH_PATHS = "$(inherited) @executable_path/Frameworks @loader_path/Frameworks";
				PRODUCT_BUNDLE_IDENTIFIER = com.squid.SpreaditTests;
				PRODUCT_NAME = "$(TARGET_NAME)";
				TEST_HOST = "$(BUILT_PRODUCTS_DIR)/Spreadit.app/Spreadit";
			};
			name = Debug;
		};
		96B1C4B61BE159CA00114C26 /* Release */ = {
			isa = XCBuildConfiguration;
			buildSettings = {
				BUNDLE_LOADER = "$(TEST_HOST)";
				INFOPLIST_FILE = SpreaditTests/Info.plist;
				LD_RUNPATH_SEARCH_PATHS = "$(inherited) @executable_path/Frameworks @loader_path/Frameworks";
				PRODUCT_BUNDLE_IDENTIFIER = com.squid.SpreaditTests;
				PRODUCT_NAME = "$(TARGET_NAME)";
				TEST_HOST = "$(BUILT_PRODUCTS_DIR)/Spreadit.app/Spreadit";
			};
			name = Release;
		};
		96B1C4B81BE159CA00114C26 /* Debug */ = {
			isa = XCBuildConfiguration;
			buildSettings = {
				INFOPLIST_FILE = SpreaditUITests/Info.plist;
				LD_RUNPATH_SEARCH_PATHS = "$(inherited) @executable_path/Frameworks @loader_path/Frameworks";
				PRODUCT_BUNDLE_IDENTIFIER = com.squid.SpreaditUITests;
				PRODUCT_NAME = "$(TARGET_NAME)";
				TEST_TARGET_NAME = Spreadit;
				USES_XCTRUNNER = YES;
			};
			name = Debug;
		};
		96B1C4B91BE159CA00114C26 /* Release */ = {
			isa = XCBuildConfiguration;
			buildSettings = {
				INFOPLIST_FILE = SpreaditUITests/Info.plist;
				LD_RUNPATH_SEARCH_PATHS = "$(inherited) @executable_path/Frameworks @loader_path/Frameworks";
				PRODUCT_BUNDLE_IDENTIFIER = com.squid.SpreaditUITests;
				PRODUCT_NAME = "$(TARGET_NAME)";
				TEST_TARGET_NAME = Spreadit;
				USES_XCTRUNNER = YES;
			};
			name = Release;
		};
/* End XCBuildConfiguration section */

/* Begin XCConfigurationList section */
		96B1C4841BE159CA00114C26 /* Build configuration list for PBXProject "Spreadit" */ = {
			isa = XCConfigurationList;
			buildConfigurations = (
				96B1C4AF1BE159CA00114C26 /* Debug */,
				96B1C4B01BE159CA00114C26 /* Release */,
			);
			defaultConfigurationIsVisible = 0;
			defaultConfigurationName = Release;
		};
		96B1C4B11BE159CA00114C26 /* Build configuration list for PBXNativeTarget "Spreadit" */ = {
			isa = XCConfigurationList;
			buildConfigurations = (
				96B1C4B21BE159CA00114C26 /* Debug */,
				96B1C4B31BE159CA00114C26 /* Release */,
			);
			defaultConfigurationIsVisible = 0;
		};
		96B1C4B41BE159CA00114C26 /* Build configuration list for PBXNativeTarget "SpreaditTests" */ = {
			isa = XCConfigurationList;
			buildConfigurations = (
				96B1C4B51BE159CA00114C26 /* Debug */,
				96B1C4B61BE159CA00114C26 /* Release */,
			);
			defaultConfigurationIsVisible = 0;
		};
		96B1C4B71BE159CA00114C26 /* Build configuration list for PBXNativeTarget "SpreaditUITests" */ = {
			isa = XCConfigurationList;
			buildConfigurations = (
				96B1C4B81BE159CA00114C26 /* Debug */,
				96B1C4B91BE159CA00114C26 /* Release */,
			);
			defaultConfigurationIsVisible = 0;
		};
/* End XCConfigurationList section */
	};
	rootObject = 96B1C4811BE159CA00114C26 /* Project object */;
}
